
Microsoft Visual Studio Solution File, Format Version 12.00
# Visual Studio Version 17
VisualStudioVersion = 17.7.34031.279
MinimumVisualStudioVersion = 10.0.40219.1
Project("{FAE04EC0-301F-11D3-BF4B-00C04F79EFBC}") = "Interface_Example_4", "Interface_Example_4\Interface_Example_4.csproj", "{660CF815-77F7-47DC-865A-469ED7F1E7E5}"
EndProject
Global
	GlobalSection(SolutionConfigurationPlatforms) = preSolution
		Debug|Any CPU = Debug|Any CPU
		Release|Any CPU = Release|Any CPU
	EndGlobalSection
	GlobalSection(ProjectConfigurationPlatforms) = postSolution
		{660CF815-77F7-47DC-865A-469ED7F1E7E5}.Debug|Any CPU.ActiveCfg = Debug|Any CPU
		{660CF815-77F7-47DC-865A-469ED7F1E7E5}.Debug|Any CPU.Build.0 = Debug|Any CPU
		{660CF815-77F7-47DC-865A-469ED7F1E7E5}.Release|Any CPU.ActiveCfg = Release|Any CPU
		{660CF815-77F7-47DC-865A-469ED7F1E7E5}.Release|Any CPU.Build.0 = Release|Any CPU
	EndGlobalSection
	GlobalSection(SolutionProperties) = preSolution
		HideSolutionNode = FALSE
	EndGlobalSection
	GlobalSection(ExtensibilityGlobals) = postSolution
		SolutionGuid = {FD34A9ED-F9EE-472A-AC30-026E11941B45}
	EndGlobalSection
EndGlobal
